// !$*UTF8*$!
{
	archiveVersion = 1;
	classes = {
	};
	objectVersion = 77;
	objects = {

/* Begin PBXBuildFile section */
		DA0F40672E95ECD100757CA0 /* WorkoutRecordEntity+CoreDataClass.swift in Sources */ = {isa = PBXBuildFile; fileRef = DA0F40652E95ECD100757CA0 /* WorkoutRecordEntity+CoreDataClass.swift */; };
		DA0F40682E95ECD100757CA0 /* WorkoutRecordEntity+CoreDataProperties.swift in Sources */ = {isa = PBXBuildFile; fileRef = DA0F40662E95ECD100757CA0 /* WorkoutRecordEntity+CoreDataProperties.swift */; };
		DAE732FD2E95EAE500BA3CA2 /* DailyMetricsEntity+CoreDataProperties.swift in Sources */ = {isa = PBXBuildFile; fileRef = DAE732FA2E95EAE500BA3CA2 /* DailyMetricsEntity+CoreDataProperties.swift */; };
		DAE733002E95EAE500BA3CA2 /* DailyMetricsEntity+CoreDataClass.swift in Sources */ = {isa = PBXBuildFile; fileRef = DAE732F92E95EAE500BA3CA2 /* DailyMetricsEntity+CoreDataClass.swift */; };
/* End PBXBuildFile section */

/* Begin PBXContainerItemProxy section */
		DAE732262E8E1ADF00BA3CA2 /* PBXContainerItemProxy */ = {
			isa = PBXContainerItemProxy;
			containerPortal = DAE732102E8E1ADD00BA3CA2 /* Project object */;
			proxyType = 1;
			remoteGlobalIDString = DAE732172E8E1ADD00BA3CA2;
			remoteInfo = StrainFitnessTracker;
		};
		DAE732302E8E1ADF00BA3CA2 /* PBXContainerItemProxy */ = {
			isa = PBXContainerItemProxy;
			containerPortal = DAE732102E8E1ADD00BA3CA2 /* Project object */;
			proxyType = 1;
			remoteGlobalIDString = DAE732172E8E1ADD00BA3CA2;
			remoteInfo = StrainFitnessTracker;
		};
/* End PBXContainerItemProxy section */

/* Begin PBXFileReference section */
		DA0F40652E95ECD100757CA0 /* WorkoutRecordEntity+CoreDataClass.swift */ = {isa = PBXFileReference; lastKnownFileType = sourcecode.swift; path = "WorkoutRecordEntity+CoreDataClass.swift"; sourceTree = "<group>"; };
		DA0F40662E95ECD100757CA0 /* WorkoutRecordEntity+CoreDataProperties.swift */ = {isa = PBXFileReference; lastKnownFileType = sourcecode.swift; path = "WorkoutRecordEntity+CoreDataProperties.swift"; sourceTree = "<group>"; };
		DAE732182E8E1ADD00BA3CA2 /* StrainFitnessTracker.app */ = {isa = PBXFileReference; explicitFileType = wrapper.application; includeInIndex = 0; path = StrainFitnessTracker.app; sourceTree = BUILT_PRODUCTS_DIR; };
		DAE732252E8E1ADF00BA3CA2 /* StrainFitnessTrackerTests.xctest */ = {isa = PBXFileReference; explicitFileType = wrapper.cfbundle; includeInIndex = 0; path = StrainFitnessTrackerTests.xctest; sourceTree = BUILT_PRODUCTS_DIR; };
		DAE7322F2E8E1ADF00BA3CA2 /* StrainFitnessTrackerUITests.xctest */ = {isa = PBXFileReference; explicitFileType = wrapper.cfbundle; includeInIndex = 0; path = StrainFitnessTrackerUITests.xctest; sourceTree = BUILT_PRODUCTS_DIR; };
		DAE732F92E95EAE500BA3CA2 /* DailyMetricsEntity+CoreDataClass.swift */ = {isa = PBXFileReference; lastKnownFileType = sourcecode.swift; path = "DailyMetricsEntity+CoreDataClass.swift"; sourceTree = "<group>"; };
		DAE732FA2E95EAE500BA3CA2 /* DailyMetricsEntity+CoreDataProperties.swift */ = {isa = PBXFileReference; lastKnownFileType = sourcecode.swift; path = "DailyMetricsEntity+CoreDataProperties.swift"; sourceTree = "<group>"; };
/* End PBXFileReference section */

/* Begin PBXFileSystemSynchronizedBuildFileExceptionSet section */
		DAE732F82E95E39C00BA3CA2 /* Exceptions for "StrainFitnessTracker" folder in "StrainFitnessTracker" target */ = {
			isa = PBXFileSystemSynchronizedBuildFileExceptionSet;
			membershipExceptions = (
				Core/Persistence/DataModel.xcdatamodeld,
			);
			target = DAE732172E8E1ADD00BA3CA2 /* StrainFitnessTracker */;
		};
/* End PBXFileSystemSynchronizedBuildFileExceptionSet section */

/* Begin PBXFileSystemSynchronizedRootGroup section */
		DAE7321A2E8E1ADD00BA3CA2 /* StrainFitnessTracker */ = {
			isa = PBXFileSystemSynchronizedRootGroup;
			exceptions = (
				DAE732F82E95E39C00BA3CA2 /* Exceptions for "StrainFitnessTracker" folder in "StrainFitnessTracker" target */,
			);
			path = StrainFitnessTracker;
			sourceTree = "<group>";
		};
		DAE732282E8E1ADF00BA3CA2 /* StrainFitnessTrackerTests */ = {
			isa = PBXFileSystemSynchronizedRootGroup;
			path = StrainFitnessTrackerTests;
			sourceTree = "<group>";
		};
		DAE732322E8E1ADF00BA3CA2 /* StrainFitnessTrackerUITests */ = {
			isa = PBXFileSystemSynchronizedRootGroup;
			path = StrainFitnessTrackerUITests;
			sourceTree = "<group>";
		};
/* End PBXFileSystemSynchronizedRootGroup section */

/* Begin PBXFrameworksBuildPhase section */
		DAE732152E8E1ADD00BA3CA2 /* Frameworks */ = {
			isa = PBXFrameworksBuildPhase;
			buildActionMask = 2147483647;
			files = (
			);
			runOnlyForDeploymentPostprocessing = 0;
		};
		DAE732222E8E1ADF00BA3CA2 /* Frameworks */ = {
			isa = PBXFrameworksBuildPhase;
			buildActionMask = 2147483647;
			files = (
			);
			runOnlyForDeploymentPostprocessing = 0;
		};
		DAE7322C2E8E1ADF00BA3CA2 /* Frameworks */ = {
			isa = PBXFrameworksBuildPhase;
			buildActionMask = 2147483647;
			files = (
			);
			runOnlyForDeploymentPostprocessing = 0;
		};
/* End PBXFrameworksBuildPhase section */

/* Begin PBXGroup section */
		DAE7320F2E8E1ADD00BA3CA2 = {
			isa = PBXGroup;
			children = (
				DA0F40652E95ECD100757CA0 /* WorkoutRecordEntity+CoreDataClass.swift */,
				DA0F40662E95ECD100757CA0 /* WorkoutRecordEntity+CoreDataProperties.swift */,
				DAE732F92E95EAE500BA3CA2 /* DailyMetricsEntity+CoreDataClass.swift */,
				DAE732FA2E95EAE500BA3CA2 /* DailyMetricsEntity+CoreDataProperties.swift */,
				DAE7321A2E8E1ADD00BA3CA2 /* StrainFitnessTracker */,
				DAE732282E8E1ADF00BA3CA2 /* StrainFitnessTrackerTests */,
				DAE732322E8E1ADF00BA3CA2 /* StrainFitnessTrackerUITests */,
				DAE732192E8E1ADD00BA3CA2 /* Products */,
			);
			sourceTree = "<group>";
		};
		DAE732192E8E1ADD00BA3CA2 /* Products */ = {
			isa = PBXGroup;
			children = (
				DAE732182E8E1ADD00BA3CA2 /* StrainFitnessTracker.app */,
				DAE732252E8E1ADF00BA3CA2 /* StrainFitnessTrackerTests.xctest */,
				DAE7322F2E8E1ADF00BA3CA2 /* StrainFitnessTrackerUITests.xctest */,
			);
			name = Products;
			sourceTree = "<group>";
		};
/* End PBXGroup section */

/* Begin PBXNativeTarget section */
		DAE732172E8E1ADD00BA3CA2 /* StrainFitnessTracker */ = {
			isa = PBXNativeTarget;
			buildConfigurationList = DAE732392E8E1ADF00BA3CA2 /* Build configuration list for PBXNativeTarget "StrainFitnessTracker" */;
			buildPhases = (
				DAE732142E8E1ADD00BA3CA2 /* Sources */,
				DAE732152E8E1ADD00BA3CA2 /* Frameworks */,
				DAE732162E8E1ADD00BA3CA2 /* Resources */,
			);
			buildRules = (
			);
			dependencies = (
			);
			fileSystemSynchronizedGroups = (
				DAE7321A2E8E1ADD00BA3CA2 /* StrainFitnessTracker */,
			);
			name = StrainFitnessTracker;
			packageProductDependencies = (
			);
			productName = StrainFitnessTracker;
			productReference = DAE732182E8E1ADD00BA3CA2 /* StrainFitnessTracker.app */;
			productType = "com.apple.product-type.application";
		};
		DAE732242E8E1ADF00BA3CA2 /* StrainFitnessTrackerTests */ = {
			isa = PBXNativeTarget;
			buildConfigurationList = DAE7323C2E8E1ADF00BA3CA2 /* Build configuration list for PBXNativeTarget "StrainFitnessTrackerTests" */;
			buildPhases = (
				DAE732212E8E1ADF00BA3CA2 /* Sources */,
				DAE732222E8E1ADF00BA3CA2 /* Frameworks */,
				DAE732232E8E1ADF00BA3CA2 /* Resources */,
			);
			buildRules = (
			);
			dependencies = (
				DAE732272E8E1ADF00BA3CA2 /* PBXTargetDependency */,
			);
			fileSystemSynchronizedGroups = (
				DAE732282E8E1ADF00BA3CA2 /* StrainFitnessTrackerTests */,
			);
			name = StrainFitnessTrackerTests;
			packageProductDependencies = (
			);
			productName = StrainFitnessTrackerTests;
			productReference = DAE732252E8E1ADF00BA3CA2 /* StrainFitnessTrackerTests.xctest */;
			productType = "com.apple.product-type.bundle.unit-test";
		};
		DAE7322E2E8E1ADF00BA3CA2 /* StrainFitnessTrackerUITests */ = {
			isa = PBXNativeTarget;
			buildConfigurationList = DAE7323F2E8E1ADF00BA3CA2 /* Build configuration list for PBXNativeTarget "StrainFitnessTrackerUITests" */;
			buildPhases = (
				DAE7322B2E8E1ADF00BA3CA2 /* Sources */,
				DAE7322C2E8E1ADF00BA3CA2 /* Frameworks */,
				DAE7322D2E8E1ADF00BA3CA2 /* Resources */,
			);
			buildRules = (
			);
			dependencies = (
				DAE732312E8E1ADF00BA3CA2 /* PBXTargetDependency */,
			);
			fileSystemSynchronizedGroups = (
				DAE732322E8E1ADF00BA3CA2 /* StrainFitnessTrackerUITests */,
			);
			name = StrainFitnessTrackerUITests;
			packageProductDependencies = (
			);
			productName = StrainFitnessTrackerUITests;
			productReference = DAE7322F2E8E1ADF00BA3CA2 /* StrainFitnessTrackerUITests.xctest */;
			productType = "com.apple.product-type.bundle.ui-testing";
		};
/* End PBXNativeTarget section */

/* Begin PBXProject section */
		DAE732102E8E1ADD00BA3CA2 /* Project object */ = {
			isa = PBXProject;
			attributes = {
				BuildIndependentTargetsInParallel = 1;
				LastSwiftUpdateCheck = 2600;
				LastUpgradeCheck = 2600;
				TargetAttributes = {
					DAE732172E8E1ADD00BA3CA2 = {
						CreatedOnToolsVersion = 26.0.1;
					};
					DAE732242E8E1ADF00BA3CA2 = {
						CreatedOnToolsVersion = 26.0.1;
						TestTargetID = DAE732172E8E1ADD00BA3CA2;
					};
					DAE7322E2E8E1ADF00BA3CA2 = {
						CreatedOnToolsVersion = 26.0.1;
						TestTargetID = DAE732172E8E1ADD00BA3CA2;
					};
				};
			};
			buildConfigurationList = DAE732132E8E1ADD00BA3CA2 /* Build configuration list for PBXProject "StrainFitnessTracker" */;
			developmentRegion = en;
			hasScannedForEncodings = 0;
			knownRegions = (
				en,
				Base,
			);
			mainGroup = DAE7320F2E8E1ADD00BA3CA2;
			minimizedProjectReferenceProxies = 1;
			preferredProjectObjectVersion = 77;
			productRefGroup = DAE732192E8E1ADD00BA3CA2 /* Products */;
			projectDirPath = "";
			projectRoot = "";
			targets = (
				DAE732172E8E1ADD00BA3CA2 /* StrainFitnessTracker */,
				DAE732242E8E1ADF00BA3CA2 /* StrainFitnessTrackerTests */,
				DAE7322E2E8E1ADF00BA3CA2 /* StrainFitnessTrackerUITests */,
			);
		};
/* End PBXProject section */

/* Begin PBXResourcesBuildPhase section */
		DAE732162E8E1ADD00BA3CA2 /* Resources */ = {
			isa = PBXResourcesBuildPhase;
			buildActionMask = 2147483647;
			files = (
			);
			runOnlyForDeploymentPostprocessing = 0;
		};
		DAE732232E8E1ADF00BA3CA2 /* Resources */ = {
			isa = PBXResourcesBuildPhase;
			buildActionMask = 2147483647;
			files = (
			);
			runOnlyForDeploymentPostprocessing = 0;
		};
		DAE7322D2E8E1ADF00BA3CA2 /* Resources */ = {
			isa = PBXResourcesBuildPhase;
			buildActionMask = 2147483647;
			files = (
			);
			runOnlyForDeploymentPostprocessing = 0;
		};
/* End PBXResourcesBuildPhase section */

/* Begin PBXSourcesBuildPhase section */
		DAE732142E8E1ADD00BA3CA2 /* Sources */ = {
			isa = PBXSourcesBuildPhase;
			buildActionMask = 2147483647;
			files = (
				DAE732FD2E95EAE500BA3CA2 /* DailyMetricsEntity+CoreDataProperties.swift in Sources */,
				DA0F40672E95ECD100757CA0 /* WorkoutRecordEntity+CoreDataClass.swift in Sources */,
				DA0F40682E95ECD100757CA0 /* WorkoutRecordEntity+CoreDataProperties.swift in Sources */,
				DAE733002E95EAE500BA3CA2 /* DailyMetricsEntity+CoreDataClass.swift in Sources */,
			);
			runOnlyForDeploymentPostprocessing = 0;
		};
		DAE732212E8E1ADF00BA3CA2 /* Sources */ = {
			isa = PBXSourcesBuildPhase;
			buildActionMask = 2147483647;
			files = (
			);
			runOnlyForDeploymentPostprocessing = 0;
		};
		DAE7322B2E8E1ADF00BA3CA2 /* Sources */ = {
			isa = PBXSourcesBuildPhase;
			buildActionMask = 2147483647;
			files = (
			);
			runOnlyForDeploymentPostprocessing = 0;
		};
/* End PBXSourcesBuildPhase section */

/* Begin PBXTargetDependency section */
		DAE732272E8E1ADF00BA3CA2 /* PBXTargetDependency */ = {
			isa = PBXTargetDependency;
			target = DAE732172E8E1ADD00BA3CA2 /* StrainFitnessTracker */;
			targetProxy = DAE732262E8E1ADF00BA3CA2 /* PBXContainerItemProxy */;
		};
		DAE732312E8E1ADF00BA3CA2 /* PBXTargetDependency */ = {
			isa = PBXTargetDependency;
			target = DAE732172E8E1ADD00BA3CA2 /* StrainFitnessTracker */;
			targetProxy = DAE732302E8E1ADF00BA3CA2 /* PBXContainerItemProxy */;
		};
/* End PBXTargetDependency section */

/* Begin XCBuildConfiguration section */
		DAE732372E8E1ADF00BA3CA2 /* Debug */ = {
			isa = XCBuildConfiguration;
			buildSettings = {
				ALWAYS_SEARCH_USER_PATHS = NO;
				ASSETCATALOG_COMPILER_GENERATE_SWIFT_ASSET_SYMBOL_EXTENSIONS = YES;
				CLANG_ANALYZER_NONNULL = YES;
				CLANG_ANALYZER_NUMBER_OBJECT_CONVERSION = YES_AGGRESSIVE;
				CLANG_CXX_LANGUAGE_STANDARD = "gnu++20";
				CLANG_ENABLE_MODULES = YES;
				CLANG_ENABLE_OBJC_ARC = YES;
				CLANG_ENABLE_OBJC_WEAK = YES;
				CLANG_WARN_BLOCK_CAPTURE_AUTORELEASING = YES;
				CLANG_WARN_BOOL_CONVERSION = YES;
				CLANG_WARN_COMMA = YES;
				CLANG_WARN_CONSTANT_CONVERSION = YES;
				CLANG_WARN_DEPRECATED_OBJC_IMPLEMENTATIONS = YES;
				CLANG_WARN_DIRECT_OBJC_ISA_USAGE = YES_ERROR;
				CLANG_WARN_DOCUMENTATION_COMMENTS = YES;
				CLANG_WARN_EMPTY_BODY = YES;
				CLANG_WARN_ENUM_CONVERSION = YES;
				CLANG_WARN_INFINITE_RECURSION = YES;
				CLANG_WARN_INT_CONVERSION = YES;
				CLANG_WARN_NON_LITERAL_NULL_CONVERSION = YES;
				CLANG_WARN_OBJC_IMPLICIT_RETAIN_SELF = YES;
				CLANG_WARN_OBJC_LITERAL_CONVERSION = YES;
				CLANG_WARN_OBJC_ROOT_CLASS = YES_ERROR;
				CLANG_WARN_QUOTED_INCLUDE_IN_FRAMEWORK_HEADER = YES;
				CLANG_WARN_RANGE_LOOP_ANALYSIS = YES;
				CLANG_WARN_STRICT_PROTOTYPES = YES;
				CLANG_WARN_SUSPICIOUS_MOVE = YES;
				CLANG_WARN_UNGUARDED_AVAILABILITY = YES_AGGRESSIVE;
				CLANG_WARN_UNREACHABLE_CODE = YES;
				CLANG_WARN__DUPLICATE_METHOD_MATCH = YES;
				COPY_PHASE_STRIP = NO;
				DEBUG_INFORMATION_FORMAT = dwarf;
				ENABLE_STRICT_OBJC_MSGSEND = YES;
				ENABLE_TESTABILITY = YES;
				ENABLE_USER_SCRIPT_SANDBOXING = YES;
				GCC_C_LANGUAGE_STANDARD = gnu17;
				GCC_DYNAMIC_NO_PIC = NO;
				GCC_NO_COMMON_BLOCKS = YES;
				GCC_OPTIMIZATION_LEVEL = 0;
				GCC_PREPROCESSOR_DEFINITIONS = (
					"DEBUG=1",
					"$(inherited)",
				);
				GCC_WARN_64_TO_32_BIT_CONVERSION = YES;
				GCC_WARN_ABOUT_RETURN_TYPE = YES_ERROR;
				GCC_WARN_UNDECLARED_SELECTOR = YES;
				GCC_WARN_UNINITIALIZED_AUTOS = YES_AGGRESSIVE;
				GCC_WARN_UNUSED_FUNCTION = YES;
				GCC_WARN_UNUSED_VARIABLE = YES;
				LOCALIZATION_PREFERS_STRING_CATALOGS = YES;
				MTL_ENABLE_DEBUG_INFO = INCLUDE_SOURCE;
				MTL_FAST_MATH = YES;
				ONLY_ACTIVE_ARCH = YES;
				SWIFT_ACTIVE_COMPILATION_CONDITIONS = "DEBUG $(inherited)";
				SWIFT_OPTIMIZATION_LEVEL = "-Onone";
			};
			name = Debug;
		};
		DAE732382E8E1ADF00BA3CA2 /* Release */ = {
			isa = XCBuildConfiguration;
			buildSettings = {
				ALWAYS_SEARCH_USER_PATHS = NO;
				ASSETCATALOG_COMPILER_GENERATE_SWIFT_ASSET_SYMBOL_EXTENSIONS = YES;
				CLANG_ANALYZER_NONNULL = YES;
				CLANG_ANALYZER_NUMBER_OBJECT_CONVERSION = YES_AGGRESSIVE;
				CLANG_CXX_LANGUAGE_STANDARD = "gnu++20";
				CLANG_ENABLE_MODULES = YES;
				CLANG_ENABLE_OBJC_ARC = YES;
				CLANG_ENABLE_OBJC_WEAK = YES;
				CLANG_WARN_BLOCK_CAPTURE_AUTORELEASING = YES;
				CLANG_WARN_BOOL_CONVERSION = YES;
				CLANG_WARN_COMMA = YES;
				CLANG_WARN_CONSTANT_CONVERSION = YES;
				CLANG_WARN_DEPRECATED_OBJC_IMPLEMENTATIONS = YES;
				CLANG_WARN_DIRECT_OBJC_ISA_USAGE = YES_ERROR;
				CLANG_WARN_DOCUMENTATION_COMMENTS = YES;
				CLANG_WARN_EMPTY_BODY = YES;
				CLANG_WARN_ENUM_CONVERSION = YES;
				CLANG_WARN_INFINITE_RECURSION = YES;
				CLANG_WARN_INT_CONVERSION = YES;
				CLANG_WARN_NON_LITERAL_NULL_CONVERSION = YES;
				CLANG_WARN_OBJC_IMPLICIT_RETAIN_SELF = YES;
				CLANG_WARN_OBJC_LITERAL_CONVERSION = YES;
				CLANG_WARN_OBJC_ROOT_CLASS = YES_ERROR;
				CLANG_WARN_QUOTED_INCLUDE_IN_FRAMEWORK_HEADER = YES;
				CLANG_WARN_RANGE_LOOP_ANALYSIS = YES;
				CLANG_WARN_STRICT_PROTOTYPES = YES;
				CLANG_WARN_SUSPICIOUS_MOVE = YES;
				CLANG_WARN_UNGUARDED_AVAILABILITY = YES_AGGRESSIVE;
				CLANG_WARN_UNREACHABLE_CODE = YES;
				CLANG_WARN__DUPLICATE_METHOD_MATCH = YES;
				COPY_PHASE_STRIP = NO;
				DEBUG_INFORMATION_FORMAT = "dwarf-with-dsym";
				ENABLE_NS_ASSERTIONS = NO;
				ENABLE_STRICT_OBJC_MSGSEND = YES;
				ENABLE_USER_SCRIPT_SANDBOXING = YES;
				GCC_C_LANGUAGE_STANDARD = gnu17;
				GCC_NO_COMMON_BLOCKS = YES;
				GCC_WARN_64_TO_32_BIT_CONVERSION = YES;
				GCC_WARN_ABOUT_RETURN_TYPE = YES_ERROR;
				GCC_WARN_UNDECLARED_SELECTOR = YES;
				GCC_WARN_UNINITIALIZED_AUTOS = YES_AGGRESSIVE;
				GCC_WARN_UNUSED_FUNCTION = YES;
				GCC_WARN_UNUSED_VARIABLE = YES;
				LOCALIZATION_PREFERS_STRING_CATALOGS = YES;
				MTL_ENABLE_DEBUG_INFO = NO;
				MTL_FAST_MATH = YES;
				SWIFT_COMPILATION_MODE = wholemodule;
			};
			name = Release;
		};
		DAE7323A2E8E1ADF00BA3CA2 /* Debug */ = {
			isa = XCBuildConfiguration;
			buildSettings = {
				ASSETCATALOG_COMPILER_APPICON_NAME = AppIcon;
				ASSETCATALOG_COMPILER_GLOBAL_ACCENT_COLOR_NAME = AccentColor;
				CODE_SIGN_ENTITLEMENTS = StrainFitnessTracker/StrainFitnessTracker.entitlements;
				CODE_SIGN_IDENTITY = "Apple Development";
				CODE_SIGN_STYLE = Automatic;
				CURRENT_PROJECT_VERSION = 1;
				DEVELOPMENT_TEAM = 33GCRP8TZN;
				ENABLE_APP_SANDBOX = YES;
				ENABLE_PREVIEWS = YES;
				ENABLE_USER_SELECTED_FILES = readonly;
				GENERATE_INFOPLIST_FILE = YES;
				INFOPLIST_KEY_CFBundleDisplayName = "Fit Tracker";
				INFOPLIST_KEY_NSHealthShareUsageDescription = "StrainFitnessTracker needs access to your health data to calculate your daily strain from workouts and recovery metrics from sleep, heart rate, and HRV data.";
				"INFOPLIST_KEY_UIApplicationSceneManifest_Generation[sdk=iphoneos*]" = YES;
				"INFOPLIST_KEY_UIApplicationSceneManifest_Generation[sdk=iphonesimulator*]" = YES;
				"INFOPLIST_KEY_UIApplicationSupportsIndirectInputEvents[sdk=iphoneos*]" = YES;
				"INFOPLIST_KEY_UIApplicationSupportsIndirectInputEvents[sdk=iphonesimulator*]" = YES;
				"INFOPLIST_KEY_UILaunchScreen_Generation[sdk=iphoneos*]" = YES;
				"INFOPLIST_KEY_UILaunchScreen_Generation[sdk=iphonesimulator*]" = YES;
				"INFOPLIST_KEY_UIStatusBarStyle[sdk=iphoneos*]" = UIStatusBarStyleDefault;
				"INFOPLIST_KEY_UIStatusBarStyle[sdk=iphonesimulator*]" = UIStatusBarStyleDefault;
				INFOPLIST_KEY_UISupportedInterfaceOrientations_iPad = "UIInterfaceOrientationPortrait UIInterfaceOrientationPortraitUpsideDown UIInterfaceOrientationLandscapeLeft UIInterfaceOrientationLandscapeRight";
				INFOPLIST_KEY_UISupportedInterfaceOrientations_iPhone = "UIInterfaceOrientationPortrait UIInterfaceOrientationLandscapeLeft UIInterfaceOrientationLandscapeRight";
				IPHONEOS_DEPLOYMENT_TARGET = 26.0;
				LD_RUNPATH_SEARCH_PATHS = "@executable_path/Frameworks";
				"LD_RUNPATH_SEARCH_PATHS[sdk=macosx*]" = "@executable_path/../Frameworks";
				MACOSX_DEPLOYMENT_TARGET = 15.6;
				MARKETING_VERSION = 1.0;
				PRODUCT_BUNDLE_IDENTIFIER = com.blake.StrainFitnessTracker;
				PRODUCT_NAME = "$(TARGET_NAME)";
				PROVISIONING_PROFILE_SPECIFIER = "";
				REGISTER_APP_GROUPS = YES;
				SDKROOT = auto;
				STRING_CATALOG_GENERATE_SYMBOLS = YES;
				SUPPORTED_PLATFORMS = "iphoneos iphonesimulator";
				SUPPORTS_MACCATALYST = NO;
				SWIFT_APPROACHABLE_CONCURRENCY = YES;
				SWIFT_DEFAULT_ACTOR_ISOLATION = MainActor;
				SWIFT_EMIT_LOC_STRINGS = YES;
				SWIFT_UPCOMING_FEATURE_MEMBER_IMPORT_VISIBILITY = YES;
				SWIFT_VERSION = 5.0;
				TARGETED_DEVICE_FAMILY = 1;
				XROS_DEPLOYMENT_TARGET = 26.0;
			};
			name = Debug;
		};
		DAE7323B2E8E1ADF00BA3CA2 /* Release */ = {
			isa = XCBuildConfiguration;
			buildSettings = {
				ASSETCATALOG_COMPILER_APPICON_NAME = AppIcon;
				ASSETCATALOG_COMPILER_GLOBAL_ACCENT_COLOR_NAME = AccentColor;
				CODE_SIGN_ENTITLEMENTS = StrainFitnessTracker/StrainFitnessTracker.entitlements;
				CODE_SIGN_IDENTITY = "Apple Development";
				CODE_SIGN_STYLE = Automatic;
				CURRENT_PROJECT_VERSION = 1;
				DEVELOPMENT_TEAM = 33GCRP8TZN;
				ENABLE_APP_SANDBOX = YES;
				ENABLE_PREVIEWS = YES;
				ENABLE_USER_SELECTED_FILES = readonly;
				GENERATE_INFOPLIST_FILE = YES;
				INFOPLIST_KEY_CFBundleDisplayName = "Fit Tracker";
				INFOPLIST_KEY_NSHealthShareUsageDescription = "StrainFitnessTracker needs access to your health data to calculate your daily strain from workouts and recovery metrics from sleep, heart rate, and HRV data.";
				"INFOPLIST_KEY_UIApplicationSceneManifest_Generation[sdk=iphoneos*]" = YES;
				"INFOPLIST_KEY_UIApplicationSceneManifest_Generation[sdk=iphonesimulator*]" = YES;
				"INFOPLIST_KEY_UIApplicationSupportsIndirectInputEvents[sdk=iphoneos*]" = YES;
				"INFOPLIST_KEY_UIApplicationSupportsIndirectInputEvents[sdk=iphonesimulator*]" = YES;
				"INFOPLIST_KEY_UILaunchScreen_Generation[sdk=iphoneos*]" = YES;
				"INFOPLIST_KEY_UILaunchScreen_Generation[sdk=iphonesimulator*]" = YES;
				"INFOPLIST_KEY_UIStatusBarStyle[sdk=iphoneos*]" = UIStatusBarStyleDefault;
				"INFOPLIST_KEY_UIStatusBarStyle[sdk=iphonesimulator*]" = UIStatusBarStyleDefault;
				INFOPLIST_KEY_UISupportedInterfaceOrientations_iPad = "UIInterfaceOrientationPortrait UIInterfaceOrientationPortraitUpsideDown UIInterfaceOrientationLandscapeLeft UIInterfaceOrientationLandscapeRight";
				INFOPLIST_KEY_UISupportedInterfaceOrientations_iPhone = "UIInterfaceOrientationPortrait UIInterfaceOrientationLandscapeLeft UIInterfaceOrientationLandscapeRight";
				IPHONEOS_DEPLOYMENT_TARGET = 26.0;
				LD_RUNPATH_SEARCH_PATHS = "@executable_path/Frameworks";
				"LD_RUNPATH_SEARCH_PATHS[sdk=macosx*]" = "@executable_path/../Frameworks";
				MACOSX_DEPLOYMENT_TARGET = 15.6;
				MARKETING_VERSION = 1.0;
				PRODUCT_BUNDLE_IDENTIFIER = com.blake.StrainFitnessTracker;
				PRODUCT_NAME = "$(TARGET_NAME)";
				PROVISIONING_PROFILE_SPECIFIER = "";
				REGISTER_APP_GROUPS = YES;
				SDKROOT = auto;
				STRING_CATALOG_GENERATE_SYMBOLS = YES;
				SUPPORTED_PLATFORMS = "iphoneos iphonesimulator";
				SUPPORTS_MACCATALYST = NO;
				SWIFT_APPROACHABLE_CONCURRENCY = YES;
				SWIFT_DEFAULT_ACTOR_ISOLATION = MainActor;
				SWIFT_EMIT_LOC_STRINGS = YES;
				SWIFT_UPCOMING_FEATURE_MEMBER_IMPORT_VISIBILITY = YES;
				SWIFT_VERSION = 5.0;
				TARGETED_DEVICE_FAMILY = 1;
				XROS_DEPLOYMENT_TARGET = 26.0;
			};
			name = Release;
		};
		DAE7323D2E8E1ADF00BA3CA2 /* Debug */ = {
			isa = XCBuildConfiguration;
			buildSettings = {
				BUNDLE_LOADER = "$(TEST_HOST)";
				CODE_SIGN_STYLE = Automatic;
				CURRENT_PROJECT_VERSION = 1;
				GENERATE_INFOPLIST_FILE = YES;
				IPHONEOS_DEPLOYMENT_TARGET = 26.0;
				MACOSX_DEPLOYMENT_TARGET = 15.6;
				MARKETING_VERSION = 1.0;
				PRODUCT_BUNDLE_IDENTIFIER = ex.StrainFitnessTrackerTests;
				PRODUCT_NAME = "$(TARGET_NAME)";
				SDKROOT = auto;
				STRING_CATALOG_GENERATE_SYMBOLS = NO;
				SUPPORTED_PLATFORMS = "iphoneos iphonesimulator macosx xros xrsimulator";
				SWIFT_APPROACHABLE_CONCURRENCY = YES;
				SWIFT_EMIT_LOC_STRINGS = NO;
				SWIFT_UPCOMING_FEATURE_MEMBER_IMPORT_VISIBILITY = YES;
				SWIFT_VERSION = 5.0;
				TARGETED_DEVICE_FAMILY = "1,2,7";
				TEST_HOST = "$(BUILT_PRODUCTS_DIR)/StrainFitnessTracker.app/$(BUNDLE_EXECUTABLE_FOLDER_PATH)/StrainFitnessTracker";
				XROS_DEPLOYMENT_TARGET = 26.0;
			};
			name = Debug;
		};
		DAE7323E2E8E1ADF00BA3CA2 /* Release */ = {
			isa = XCBuildConfiguration;
			buildSettings = {
				BUNDLE_LOADER = "$(TEST_HOST)";
				CODE_SIGN_STYLE = Automatic;
				CURRENT_PROJECT_VERSION = 1;
				GENERATE_INFOPLIST_FILE = YES;
				IPHONEOS_DEPLOYMENT_TARGET = 26.0;
				MACOSX_DEPLOYMENT_TARGET = 15.6;
				MARKETING_VERSION = 1.0;
				PRODUCT_BUNDLE_IDENTIFIER = ex.StrainFitnessTrackerTests;
				PRODUCT_NAME = "$(TARGET_NAME)";
				SDKROOT = auto;
				STRING_CATALOG_GENERATE_SYMBOLS = NO;
				SUPPORTED_PLATFORMS = "iphoneos iphonesimulator macosx xros xrsimulator";
				SWIFT_APPROACHABLE_CONCURRENCY = YES;
				SWIFT_EMIT_LOC_STRINGS = NO;
				SWIFT_UPCOMING_FEATURE_MEMBER_IMPORT_VISIBILITY = YES;
				SWIFT_VERSION = 5.0;
				TARGETED_DEVICE_FAMILY = "1,2,7";
				TEST_HOST = "$(BUILT_PRODUCTS_DIR)/StrainFitnessTracker.app/$(BUNDLE_EXECUTABLE_FOLDER_PATH)/StrainFitnessTracker";
				XROS_DEPLOYMENT_TARGET = 26.0;
			};
			name = Release;
		};
		DAE732402E8E1ADF00BA3CA2 /* Debug */ = {
			isa = XCBuildConfiguration;
			buildSettings = {
				CODE_SIGN_STYLE = Automatic;
				CURRENT_PROJECT_VERSION = 1;
				GENERATE_INFOPLIST_FILE = YES;
				IPHONEOS_DEPLOYMENT_TARGET = 26.0;
				MACOSX_DEPLOYMENT_TARGET = 15.6;
				MARKETING_VERSION = 1.0;
				PRODUCT_BUNDLE_IDENTIFIER = ex.StrainFitnessTrackerUITests;
				PRODUCT_NAME = "$(TARGET_NAME)";
				SDKROOT = auto;
				STRING_CATALOG_GENERATE_SYMBOLS = NO;
				SUPPORTED_PLATFORMS = "iphoneos iphonesimulator macosx xros xrsimulator";
				SWIFT_APPROACHABLE_CONCURRENCY = YES;
				SWIFT_EMIT_LOC_STRINGS = NO;
				SWIFT_UPCOMING_FEATURE_MEMBER_IMPORT_VISIBILITY = YES;
				SWIFT_VERSION = 5.0;
				TARGETED_DEVICE_FAMILY = "1,2,7";
				TEST_TARGET_NAME = StrainFitnessTracker;
				XROS_DEPLOYMENT_TARGET = 26.0;
			};
			name = Debug;
		};
		DAE732412E8E1ADF00BA3CA2 /* Release */ = {
			isa = XCBuildConfiguration;
			buildSettings = {
				CODE_SIGN_STYLE = Automatic;
				CURRENT_PROJECT_VERSION = 1;
				GENERATE_INFOPLIST_FILE = YES;
				IPHONEOS_DEPLOYMENT_TARGET = 26.0;
				MACOSX_DEPLOYMENT_TARGET = 15.6;
				MARKETING_VERSION = 1.0;
				PRODUCT_BUNDLE_IDENTIFIER = ex.StrainFitnessTrackerUITests;
				PRODUCT_NAME = "$(TARGET_NAME)";
				SDKROOT = auto;
				STRING_CATALOG_GENERATE_SYMBOLS = NO;
				SUPPORTED_PLATFORMS = "iphoneos iphonesimulator macosx xros xrsimulator";
				SWIFT_APPROACHABLE_CONCURRENCY = YES;
				SWIFT_EMIT_LOC_STRINGS = NO;
				SWIFT_UPCOMING_FEATURE_MEMBER_IMPORT_VISIBILITY = YES;
				SWIFT_VERSION = 5.0;
				TARGETED_DEVICE_FAMILY = "1,2,7";
				TEST_TARGET_NAME = StrainFitnessTracker;
				XROS_DEPLOYMENT_TARGET = 26.0;
			};
			name = Release;
		};
/* End XCBuildConfiguration section */

/* Begin XCConfigurationList section */
		DAE732132E8E1ADD00BA3CA2 /* Build configuration list for PBXProject "StrainFitnessTracker" */ = {
			isa = XCConfigurationList;
			buildConfigurations = (
				DAE732372E8E1ADF00BA3CA2 /* Debug */,
				DAE732382E8E1ADF00BA3CA2 /* Release */,
			);
			defaultConfigurationIsVisible = 0;
			defaultConfigurationName = Release;
		};
		DAE732392E8E1ADF00BA3CA2 /* Build configuration list for PBXNativeTarget "StrainFitnessTracker" */ = {
			isa = XCConfigurationList;
			buildConfigurations = (
				DAE7323A2E8E1ADF00BA3CA2 /* Debug */,
				DAE7323B2E8E1ADF00BA3CA2 /* Release */,
			);
			defaultConfigurationIsVisible = 0;
			defaultConfigurationName = Release;
		};
		DAE7323C2E8E1ADF00BA3CA2 /* Build configuration list for PBXNativeTarget "StrainFitnessTrackerTests" */ = {
			isa = XCConfigurationList;
			buildConfigurations = (
				DAE7323D2E8E1ADF00BA3CA2 /* Debug */,
				DAE7323E2E8E1ADF00BA3CA2 /* Release */,
			);
			defaultConfigurationIsVisible = 0;
			defaultConfigurationName = Release;
		};
		DAE7323F2E8E1ADF00BA3CA2 /* Build configuration list for PBXNativeTarget "StrainFitnessTrackerUITests" */ = {
			isa = XCConfigurationList;
			buildConfigurations = (
				DAE732402E8E1ADF00BA3CA2 /* Debug */,
				DAE732412E8E1ADF00BA3CA2 /* Release */,
			);
			defaultConfigurationIsVisible = 0;
			defaultConfigurationName = Release;
		};
/* End XCConfigurationList section */
	};
	rootObject = DAE732102E8E1ADD00BA3CA2 /* Project object */;
}
